
Microsoft Visual Studio Solution File, Format Version 12.00
# Visual Studio 15
VisualStudioVersion = 15.0.26430.16
MinimumVisualStudioVersion = 10.0.40219.1
Project("{888888A0-9F3D-457C-B088-3A5042F75D52}") = "Izi2Cook", "Izi2Cook\Izi2Cook.pyproj", "{52D35543-0BD3-419C-8D57-24039CFC10CC}"
EndProject
Global
	GlobalSection(SolutionConfigurationPlatforms) = preSolution
		Debug|Any CPU = Debug|Any CPU
		Release|Any CPU = Release|Any CPU
	EndGlobalSection
	GlobalSection(ProjectConfigurationPlatforms) = postSolution
		{52D35543-0BD3-419C-8D57-24039CFC10CC}.Debug|Any CPU.ActiveCfg = Debug|Any CPU
		{52D35543-0BD3-419C-8D57-24039CFC10CC}.Debug|Any CPU.Build.0 = Debug|Any CPU
		{52D35543-0BD3-419C-8D57-24039CFC10CC}.Release|Any CPU.ActiveCfg = Release|Any CPU
		{52D35543-0BD3-419C-8D57-24039CFC10CC}.Release|Any CPU.Build.0 = Release|Any CPU
	EndGlobalSection
	GlobalSection(SolutionProperties) = preSolution
		HideSolutionNode = FALSE
	EndGlobalSection
EndGlobal
